// !$*UTF8*$!
{
	archiveVersion = 1;
	classes = {
	};
	objectVersion = 46;
	objects = {

/* Begin PBXBuildFile section */
		8B3417B7156563C5003092F2 /* UIKit.framework in Frameworks */ = {isa = PBXBuildFile; fileRef = 8B3417B6156563C5003092F2 /* UIKit.framework */; };
		8B3417B9156563C5003092F2 /* Foundation.framework in Frameworks */ = {isa = PBXBuildFile; fileRef = 8B3417B8156563C5003092F2 /* Foundation.framework */; };
		8B3417BB156563C5003092F2 /* CoreGraphics.framework in Frameworks */ = {isa = PBXBuildFile; fileRef = 8B3417BA156563C5003092F2 /* CoreGraphics.framework */; };
		8B3417C1156563C5003092F2 /* InfoPlist.strings in Resources */ = {isa = PBXBuildFile; fileRef = 8B3417BF156563C5003092F2 /* InfoPlist.strings */; };
		8B3417C3156563C5003092F2 /* main.m in Sources */ = {isa = PBXBuildFile; fileRef = 8B3417C2156563C5003092F2 /* main.m */; };
		8B3417C7156563C5003092F2 /* AppDelegate.m in Sources */ = {isa = PBXBuildFile; fileRef = 8B3417C6156563C5003092F2 /* AppDelegate.m */; };
		8B3417CA156563C5003092F2 /* ViewController.m in Sources */ = {isa = PBXBuildFile; fileRef = 8B3417C9156563C5003092F2 /* ViewController.m */; };
		8B3417CD156563C5003092F2 /* ViewController.xib in Resources */ = {isa = PBXBuildFile; fileRef = 8B3417CB156563C5003092F2 /* ViewController.xib */; };
		AC65ADEC15688E5B00A4C60A /* mus_main_title_01_lp.mp3 in Resources */ = {isa = PBXBuildFile; fileRef = AC65ADE915688E5B00A4C60A /* mus_main_title_01_lp.mp3 */; };
		AC65ADED15688E5B00A4C60A /* mus_main_title_02_nl.mp3 in Resources */ = {isa = PBXBuildFile; fileRef = AC65ADEA15688E5B00A4C60A /* mus_main_title_02_nl.mp3 */; };
		AC65ADEE15688E5B00A4C60A /* mus_main_title_03_lp.mp3 in Resources */ = {isa = PBXBuildFile; fileRef = AC65ADEB15688E5B00A4C60A /* mus_main_title_03_lp.mp3 */; };
		AC65ADF615689BF700A4C60A /* AudioSound.m in Sources */ = {isa = PBXBuildFile; fileRef = AC65ADF515689BF700A4C60A /* AudioSound.m */; };
		AC8DA4371567374500AA0A14 /* AudioToolbox.framework in Frameworks */ = {isa = PBXBuildFile; fileRef = AC8DA4361567374500AA0A14 /* AudioToolbox.framework */; };
		ACE3759815658DB90078A53C /* AudioPlayer.mm in Sources */ = {isa = PBXBuildFile; fileRef = ACE3759715658DB90078A53C /* AudioPlayer.mm */; };
/* End PBXBuildFile section */

/* Begin PBXFileReference section */
		8B3417B2156563C5003092F2 /* Gapless-MP3-Player.app */ = {isa = PBXFileReference; explicitFileType = wrapper.application; includeInIndex = 0; path = "Gapless-MP3-Player.app"; sourceTree = BUILT_PRODUCTS_DIR; };
		8B3417B6156563C5003092F2 /* UIKit.framework */ = {isa = PBXFileReference; lastKnownFileType = wrapper.framework; name = UIKit.framework; path = System/Library/Frameworks/UIKit.framework; sourceTree = SDKROOT; };
		8B3417B8156563C5003092F2 /* Foundation.framework */ = {isa = PBXFileReference; lastKnownFileType = wrapper.framework; name = Foundation.framework; path = System/Library/Frameworks/Foundation.framework; sourceTree = SDKROOT; };
		8B3417BA156563C5003092F2 /* CoreGraphics.framework */ = {isa = PBXFileReference; lastKnownFileType = wrapper.framework; name = CoreGraphics.framework; path = System/Library/Frameworks/CoreGraphics.framework; sourceTree = SDKROOT; };
		8B3417BE156563C5003092F2 /* Gapless-MP3-Player-Info.plist */ = {isa = PBXFileReference; lastKnownFileType = text.plist.xml; path = "Gapless-MP3-Player-Info.plist"; sourceTree = "<group>"; };
		8B3417C0156563C5003092F2 /* en */ = {isa = PBXFileReference; lastKnownFileType = text.plist.strings; name = en; path = en.lproj/InfoPlist.strings; sourceTree = "<group>"; };
		8B3417C2156563C5003092F2 /* main.m */ = {isa = PBXFileReference; lastKnownFileType = sourcecode.c.objc; path = main.m; sourceTree = "<group>"; };
		8B3417C4156563C5003092F2 /* Gapless-MP3-Player-Prefix.pch */ = {isa = PBXFileReference; lastKnownFileType = sourcecode.c.h; path = "Gapless-MP3-Player-Prefix.pch"; sourceTree = "<group>"; };
		8B3417C5156563C5003092F2 /* AppDelegate.h */ = {isa = PBXFileReference; lastKnownFileType = sourcecode.c.h; path = AppDelegate.h; sourceTree = "<group>"; };
		8B3417C6156563C5003092F2 /* AppDelegate.m */ = {isa = PBXFileReference; lastKnownFileType = sourcecode.c.objc; path = AppDelegate.m; sourceTree = "<group>"; };
		8B3417C8156563C5003092F2 /* ViewController.h */ = {isa = PBXFileReference; lastKnownFileType = sourcecode.c.h; path = ViewController.h; sourceTree = "<group>"; };
		8B3417C9156563C5003092F2 /* ViewController.m */ = {isa = PBXFileReference; lastKnownFileType = sourcecode.c.objc; path = ViewController.m; sourceTree = "<group>"; };
		8B3417CC156563C5003092F2 /* en */ = {isa = PBXFileReference; lastKnownFileType = file.xib; name = en; path = en.lproj/ViewController.xib; sourceTree = "<group>"; };
		AC53F58C1567344A005C1019 /* AudioUnit.framework */ = {isa = PBXFileReference; lastKnownFileType = wrapper.framework; name = AudioUnit.framework; path = System/Library/Frameworks/AudioUnit.framework; sourceTree = SDKROOT; };
		AC65ADE915688E5B00A4C60A /* mus_main_title_01_lp.mp3 */ = {isa = PBXFileReference; lastKnownFileType = audio.mp3; name = mus_main_title_01_lp.mp3; path = "Demo music/mus_main_title_01_lp.mp3"; sourceTree = SOURCE_ROOT; };
		AC65ADEA15688E5B00A4C60A /* mus_main_title_02_nl.mp3 */ = {isa = PBXFileReference; lastKnownFileType = audio.mp3; name = mus_main_title_02_nl.mp3; path = "Demo music/mus_main_title_02_nl.mp3"; sourceTree = SOURCE_ROOT; };
		AC65ADEB15688E5B00A4C60A /* mus_main_title_03_lp.mp3 */ = {isa = PBXFileReference; lastKnownFileType = audio.mp3; name = mus_main_title_03_lp.mp3; path = "Demo music/mus_main_title_03_lp.mp3"; sourceTree = SOURCE_ROOT; };
		AC65ADF315689BF700A4C60A /* AudioPlayerUtilities.h */ = {isa = PBXFileReference; fileEncoding = 4; lastKnownFileType = sourcecode.c.h; name = AudioPlayerUtilities.h; path = AudioPlayer/AudioPlayerUtilities.h; sourceTree = "<group>"; };
		AC65ADF415689BF700A4C60A /* AudioSound.h */ = {isa = PBXFileReference; fileEncoding = 4; lastKnownFileType = sourcecode.c.h; name = AudioSound.h; path = AudioPlayer/AudioSound.h; sourceTree = "<group>"; };
		AC65ADF515689BF700A4C60A /* AudioSound.m */ = {isa = PBXFileReference; fileEncoding = 4; lastKnownFileType = sourcecode.c.objc; name = AudioSound.m; path = AudioPlayer/AudioSound.m; sourceTree = "<group>"; };
		AC65AE161569025B00A4C60A /* SPGAudioPlayer.h */ = {isa = PBXFileReference; fileEncoding = 4; lastKnownFileType = sourcecode.c.h; name = SPGAudioPlayer.h; path = AudioPlayer/SPGAudioPlayer.h; sourceTree = "<group>"; };
		AC65AE171569025B00A4C60A /* SPGAudioPlayer.m */ = {isa = PBXFileReference; fileEncoding = 4; lastKnownFileType = sourcecode.c.objc; name = SPGAudioPlayer.m; path = AudioPlayer/SPGAudioPlayer.m; sourceTree = "<group>"; };
		AC8DA4361567374500AA0A14 /* AudioToolbox.framework */ = {isa = PBXFileReference; lastKnownFileType = wrapper.framework; name = AudioToolbox.framework; path = System/Library/Frameworks/AudioToolbox.framework; sourceTree = SDKROOT; };
		ACE3759615658DB90078A53C /* AudioPlayer.h */ = {isa = PBXFileReference; fileEncoding = 4; lastKnownFileType = sourcecode.c.h; name = AudioPlayer.h; path = AudioPlayer/AudioPlayer.h; sourceTree = "<group>"; };
		ACE3759715658DB90078A53C /* AudioPlayer.mm */ = {isa = PBXFileReference; fileEncoding = 4; lastKnownFileType = sourcecode.cpp.objcpp; name = AudioPlayer.mm; path = AudioPlayer/AudioPlayer.mm; sourceTree = "<group>"; };
		ACE375991565D5380078A53C /* CoreFoundation.framework */ = {isa = PBXFileReference; lastKnownFileType = wrapper.framework; name = CoreFoundation.framework; path = System/Library/Frameworks/CoreFoundation.framework; sourceTree = SDKROOT; };
/* End PBXFileReference section */

/* Begin PBXFrameworksBuildPhase section */
		8B3417AF156563C5003092F2 /* Frameworks */ = {
			isa = PBXFrameworksBuildPhase;
			buildActionMask = 2147483647;
			files = (
				AC8DA4371567374500AA0A14 /* AudioToolbox.framework in Frameworks */,
				8B3417B7156563C5003092F2 /* UIKit.framework in Frameworks */,
				8B3417B9156563C5003092F2 /* Foundation.framework in Frameworks */,
				8B3417BB156563C5003092F2 /* CoreGraphics.framework in Frameworks */,
			);
			runOnlyForDeploymentPostprocessing = 0;
		};
/* End PBXFrameworksBuildPhase section */

/* Begin PBXGroup section */
		8B3417A7156563C5003092F2 = {
			isa = PBXGroup;
			children = (
				AC8DA4361567374500AA0A14 /* AudioToolbox.framework */,
				8B3417BC156563C5003092F2 /* Gapless-MP3-Player */,
				8B3417B5156563C5003092F2 /* Frameworks */,
				8B3417B3156563C5003092F2 /* Products */,
			);
			sourceTree = "<group>";
		};
		8B3417B3156563C5003092F2 /* Products */ = {
			isa = PBXGroup;
			children = (
				8B3417B2156563C5003092F2 /* Gapless-MP3-Player.app */,
			);
			name = Products;
			sourceTree = "<group>";
		};
		8B3417B5156563C5003092F2 /* Frameworks */ = {
			isa = PBXGroup;
			children = (
				AC53F58C1567344A005C1019 /* AudioUnit.framework */,
				ACE375991565D5380078A53C /* CoreFoundation.framework */,
				8B3417B6156563C5003092F2 /* UIKit.framework */,
				8B3417B8156563C5003092F2 /* Foundation.framework */,
				8B3417BA156563C5003092F2 /* CoreGraphics.framework */,
			);
			name = Frameworks;
			sourceTree = "<group>";
		};
		8B3417BC156563C5003092F2 /* Gapless-MP3-Player */ = {
			isa = PBXGroup;
			children = (
				ACE3759B1565E5720078A53C /* Demo music */,
				ACE3759515658D910078A53C /* Audio Player */,
				8B3417C5156563C5003092F2 /* AppDelegate.h */,
				8B3417C6156563C5003092F2 /* AppDelegate.m */,
				8B3417C8156563C5003092F2 /* ViewController.h */,
				8B3417C9156563C5003092F2 /* ViewController.m */,
				8B3417CB156563C5003092F2 /* ViewController.xib */,
				8B3417BD156563C5003092F2 /* Supporting Files */,
			);
			path = "Gapless-MP3-Player";
			sourceTree = "<group>";
		};
		8B3417BD156563C5003092F2 /* Supporting Files */ = {
			isa = PBXGroup;
			children = (
				8B3417BE156563C5003092F2 /* Gapless-MP3-Player-Info.plist */,
				8B3417BF156563C5003092F2 /* InfoPlist.strings */,
				8B3417C2156563C5003092F2 /* main.m */,
				8B3417C4156563C5003092F2 /* Gapless-MP3-Player-Prefix.pch */,
			);
			name = "Supporting Files";
			sourceTree = "<group>";
		};
		ACE3759515658D910078A53C /* Audio Player */ = {
			isa = PBXGroup;
			children = (
				AC65AE161569025B00A4C60A /* SPGAudioPlayer.h */,
				AC65AE171569025B00A4C60A /* SPGAudioPlayer.m */,
				AC65ADF315689BF700A4C60A /* AudioPlayerUtilities.h */,
				AC65ADF415689BF700A4C60A /* AudioSound.h */,
				AC65ADF515689BF700A4C60A /* AudioSound.m */,
				ACE3759615658DB90078A53C /* AudioPlayer.h */,
				ACE3759715658DB90078A53C /* AudioPlayer.mm */,
			);
			name = "Audio Player";
			sourceTree = "<group>";
		};
		ACE3759B1565E5720078A53C /* Demo music */ = {
			isa = PBXGroup;
			children = (
				AC65ADE915688E5B00A4C60A /* mus_main_title_01_lp.mp3 */,
				AC65ADEA15688E5B00A4C60A /* mus_main_title_02_nl.mp3 */,
				AC65ADEB15688E5B00A4C60A /* mus_main_title_03_lp.mp3 */,
			);
			name = "Demo music";
			sourceTree = "<group>";
		};
/* End PBXGroup section */

/* Begin PBXNativeTarget section */
		8B3417B1156563C5003092F2 /* Gapless-MP3-Player */ = {
			isa = PBXNativeTarget;
			buildConfigurationList = 8B3417D0156563C5003092F2 /* Build configuration list for PBXNativeTarget "Gapless-MP3-Player" */;
			buildPhases = (
				8B3417AE156563C5003092F2 /* Sources */,
				8B3417AF156563C5003092F2 /* Frameworks */,
				8B3417B0156563C5003092F2 /* Resources */,
			);
			buildRules = (
			);
			dependencies = (
			);
			name = "Gapless-MP3-Player";
			productName = "Gapless-MP3-Player";
			productReference = 8B3417B2156563C5003092F2 /* Gapless-MP3-Player.app */;
			productType = "com.apple.product-type.application";
		};
/* End PBXNativeTarget section */

/* Begin PBXProject section */
		8B3417A9156563C5003092F2 /* Project object */ = {
			isa = PBXProject;
			attributes = {
				LastUpgradeCheck = 0430;
				ORGANIZATIONNAME = "Emotion Rays Entertainment";
			};
			buildConfigurationList = 8B3417AC156563C5003092F2 /* Build configuration list for PBXProject "Gapless-MP3-Player" */;
			compatibilityVersion = "Xcode 3.2";
			developmentRegion = English;
			hasScannedForEncodings = 0;
			knownRegions = (
				en,
			);
			mainGroup = 8B3417A7156563C5003092F2;
			productRefGroup = 8B3417B3156563C5003092F2 /* Products */;
			projectDirPath = "";
			projectRoot = "";
			targets = (
				8B3417B1156563C5003092F2 /* Gapless-MP3-Player */,
			);
		};
/* End PBXProject section */

/* Begin PBXResourcesBuildPhase section */
		8B3417B0156563C5003092F2 /* Resources */ = {
			isa = PBXResourcesBuildPhase;
			buildActionMask = 2147483647;
			files = (
				8B3417C1156563C5003092F2 /* InfoPlist.strings in Resources */,
				8B3417CD156563C5003092F2 /* ViewController.xib in Resources */,
				AC65ADEC15688E5B00A4C60A /* mus_main_title_01_lp.mp3 in Resources */,
				AC65ADED15688E5B00A4C60A /* mus_main_title_02_nl.mp3 in Resources */,
				AC65ADEE15688E5B00A4C60A /* mus_main_title_03_lp.mp3 in Resources */,
			);
			runOnlyForDeploymentPostprocessing = 0;
		};
/* End PBXResourcesBuildPhase section */

/* Begin PBXSourcesBuildPhase section */
		8B3417AE156563C5003092F2 /* Sources */ = {
			isa = PBXSourcesBuildPhase;
			buildActionMask = 2147483647;
			files = (
				8B3417C3156563C5003092F2 /* main.m in Sources */,
				8B3417C7156563C5003092F2 /* AppDelegate.m in Sources */,
				8B3417CA156563C5003092F2 /* ViewController.m in Sources */,
				ACE3759815658DB90078A53C /* AudioPlayer.mm in Sources */,
				AC65ADF615689BF700A4C60A /* AudioSound.m in Sources */,
			);
			runOnlyForDeploymentPostprocessing = 0;
		};
/* End PBXSourcesBuildPhase section */

/* Begin PBXVariantGroup section */
		8B3417BF156563C5003092F2 /* InfoPlist.strings */ = {
			isa = PBXVariantGroup;
			children = (
				8B3417C0156563C5003092F2 /* en */,
			);
			name = InfoPlist.strings;
			sourceTree = "<group>";
		};
		8B3417CB156563C5003092F2 /* ViewController.xib */ = {
			isa = PBXVariantGroup;
			children = (
				8B3417CC156563C5003092F2 /* en */,
			);
			name = ViewController.xib;
			sourceTree = "<group>";
		};
/* End PBXVariantGroup section */

/* Begin XCBuildConfiguration section */
		8B3417CE156563C5003092F2 /* Debug */ = {
			isa = XCBuildConfiguration;
			buildSettings = {
				ALWAYS_SEARCH_USER_PATHS = NO;
				ARCHS = (
					"$(ARCHS_STANDARD_32_BIT)",
					armv6,
				);
				"CODE_SIGN_IDENTITY[sdk=iphoneos*]" = "iPhone Developer";
				COPY_PHASE_STRIP = NO;
				GCC_C_LANGUAGE_STANDARD = gnu99;
				GCC_DYNAMIC_NO_PIC = NO;
				GCC_OPTIMIZATION_LEVEL = 0;
				GCC_PREPROCESSOR_DEFINITIONS = (
					"DEBUG=1",
					"$(inherited)",
				);
				GCC_SYMBOLS_PRIVATE_EXTERN = NO;
				GCC_THUMB_SUPPORT = NO;
				GCC_VERSION = com.apple.compilers.llvm.clang.1_0;
				GCC_WARN_ABOUT_MISSING_PROTOTYPES = YES;
				GCC_WARN_ABOUT_RETURN_TYPE = YES;
				GCC_WARN_UNUSED_VARIABLE = YES;
				IPHONEOS_DEPLOYMENT_TARGET = 4.0;
				SDKROOT = iphoneos;
			};
			name = Debug;
		};
		8B3417CF156563C5003092F2 /* Release */ = {
			isa = XCBuildConfiguration;
			buildSettings = {
				ALWAYS_SEARCH_USER_PATHS = NO;
				ARCHS = (
					"$(ARCHS_STANDARD_32_BIT)",
					armv6,
				);
				"CODE_SIGN_IDENTITY[sdk=iphoneos*]" = "iPhone Developer";
				COPY_PHASE_STRIP = YES;
				GCC_C_LANGUAGE_STANDARD = gnu99;
				GCC_THUMB_SUPPORT = NO;
				GCC_VERSION = com.apple.compilers.llvm.clang.1_0;
				GCC_WARN_ABOUT_MISSING_PROTOTYPES = YES;
				GCC_WARN_ABOUT_RETURN_TYPE = YES;
				GCC_WARN_UNUSED_VARIABLE = YES;
				IPHONEOS_DEPLOYMENT_TARGET = 4.0;
				OTHER_CFLAGS = "-DNS_BLOCK_ASSERTIONS=1";
				SDKROOT = iphoneos;
				VALIDATE_PRODUCT = YES;
			};
			name = Release;
		};
		8B3417D1156563C5003092F2 /* Debug */ = {
			isa = XCBuildConfiguration;
			buildSettings = {
				ARCHS = (
					"$(ARCHS_STANDARD_32_BIT)",
					armv6,
				);
				GCC_PRECOMPILE_PREFIX_HEADER = YES;
				GCC_PREFIX_HEADER = "Gapless-MP3-Player/Gapless-MP3-Player-Prefix.pch";
				GCC_THUMB_SUPPORT = NO;
				INFOPLIST_FILE = "Gapless-MP3-Player/Gapless-MP3-Player-Info.plist";
				IPHONEOS_DEPLOYMENT_TARGET = 4.0;
				PRODUCT_NAME = "$(TARGET_NAME)";
				WRAPPER_EXTENSION = app;
			};
			name = Debug;
		};
		8B3417D2156563C5003092F2 /* Release */ = {
			isa = XCBuildConfiguration;
			buildSettings = {
				ARCHS = (
					"$(ARCHS_STANDARD_32_BIT)",
					armv6,
				);
				GCC_PRECOMPILE_PREFIX_HEADER = YES;
				GCC_PREFIX_HEADER = "Gapless-MP3-Player/Gapless-MP3-Player-Prefix.pch";
				GCC_THUMB_SUPPORT = NO;
				INFOPLIST_FILE = "Gapless-MP3-Player/Gapless-MP3-Player-Info.plist";
				IPHONEOS_DEPLOYMENT_TARGET = 4.0;
				PRODUCT_NAME = "$(TARGET_NAME)";
				WRAPPER_EXTENSION = app;
			};
			name = Release;
		};
/* End XCBuildConfiguration section */

/* Begin XCConfigurationList section */
		8B3417AC156563C5003092F2 /* Build configuration list for PBXProject "Gapless-MP3-Player" */ = {
			isa = XCConfigurationList;
			buildConfigurations = (
				8B3417CE156563C5003092F2 /* Debug */,
				8B3417CF156563C5003092F2 /* Release */,
			);
			defaultConfigurationIsVisible = 0;
			defaultConfigurationName = Release;
		};
		8B3417D0156563C5003092F2 /* Build configuration list for PBXNativeTarget "Gapless-MP3-Player" */ = {
			isa = XCConfigurationList;
			buildConfigurations = (
				8B3417D1156563C5003092F2 /* Debug */,
				8B3417D2156563C5003092F2 /* Release */,
			);
			defaultConfigurationIsVisible = 0;
			defaultConfigurationName = Release;
		};
/* End XCConfigurationList section */
	};
	rootObject = 8B3417A9156563C5003092F2 /* Project object */;
}
